
Microsoft Visual Studio Solution File, Format Version 12.00
# Visual Studio Version 17
VisualStudioVersion = 17.5.33627.172
MinimumVisualStudioVersion = 10.0.40219.1
Project("{FAE04EC0-301F-11D3-BF4B-00C04F79EFBC}") = "prueba1", "prueba1\prueba1.csproj", "{2A4FC571-6E20-450A-830A-C39F71210632}"
EndProject
Project("{FAE04EC0-301F-11D3-BF4B-00C04F79EFBC}") = "AccesoDatosD", "AccesoDatosD\AccesoDatosD.csproj", "{A857974C-9E06-42C3-B662-30D45F0E2D5B}"
EndProject
Project("{FAE04EC0-301F-11D3-BF4B-00C04F79EFBC}") = "EntidadE", "EntidadE\EntidadE.csproj", "{24E3976C-CA8C-4DD4-9538-390055B817B8}"
EndProject
Project("{FAE04EC0-301F-11D3-BF4B-00C04F79EFBC}") = "NegociosN", "NegociosN\NegociosN.csproj", "{D70E915C-8487-4C2A-AEF4-FEB8BDA0F5E9}"
EndProject
Global
	GlobalSection(SolutionConfigurationPlatforms) = preSolution
		Debug|Any CPU = Debug|Any CPU
		Release|Any CPU = Release|Any CPU
	EndGlobalSection
	GlobalSection(ProjectConfigurationPlatforms) = postSolution
		{2A4FC571-6E20-450A-830A-C39F71210632}.Debug|Any CPU.ActiveCfg = Debug|Any CPU
		{2A4FC571-6E20-450A-830A-C39F71210632}.Debug|Any CPU.Build.0 = Debug|Any CPU
		{2A4FC571-6E20-450A-830A-C39F71210632}.Release|Any CPU.ActiveCfg = Release|Any CPU
		{2A4FC571-6E20-450A-830A-C39F71210632}.Release|Any CPU.Build.0 = Release|Any CPU
		{A857974C-9E06-42C3-B662-30D45F0E2D5B}.Debug|Any CPU.ActiveCfg = Debug|Any CPU
		{A857974C-9E06-42C3-B662-30D45F0E2D5B}.Debug|Any CPU.Build.0 = Debug|Any CPU
		{A857974C-9E06-42C3-B662-30D45F0E2D5B}.Release|Any CPU.ActiveCfg = Release|Any CPU
		{A857974C-9E06-42C3-B662-30D45F0E2D5B}.Release|Any CPU.Build.0 = Release|Any CPU
		{24E3976C-CA8C-4DD4-9538-390055B817B8}.Debug|Any CPU.ActiveCfg = Debug|Any CPU
		{24E3976C-CA8C-4DD4-9538-390055B817B8}.Debug|Any CPU.Build.0 = Debug|Any CPU
		{24E3976C-CA8C-4DD4-9538-390055B817B8}.Release|Any CPU.ActiveCfg = Release|Any CPU
		{24E3976C-CA8C-4DD4-9538-390055B817B8}.Release|Any CPU.Build.0 = Release|Any CPU
		{D70E915C-8487-4C2A-AEF4-FEB8BDA0F5E9}.Debug|Any CPU.ActiveCfg = Debug|Any CPU
		{D70E915C-8487-4C2A-AEF4-FEB8BDA0F5E9}.Debug|Any CPU.Build.0 = Debug|Any CPU
		{D70E915C-8487-4C2A-AEF4-FEB8BDA0F5E9}.Release|Any CPU.ActiveCfg = Release|Any CPU
		{D70E915C-8487-4C2A-AEF4-FEB8BDA0F5E9}.Release|Any CPU.Build.0 = Release|Any CPU
	EndGlobalSection
	GlobalSection(SolutionProperties) = preSolution
		HideSolutionNode = FALSE
	EndGlobalSection
	GlobalSection(ExtensibilityGlobals) = postSolution
		SolutionGuid = {66F58416-D9DE-4FF4-A6BF-A3CFEBFF871D}
	EndGlobalSection
EndGlobal
